
Microsoft Visual Studio Solution File, Format Version 12.00
# Visual Studio 15
VisualStudioVersion = 15.0.28307.572
MinimumVisualStudioVersion = 10.0.40219.1
Project("{9A19103F-16F7-4668-BE54-9A1E7A4F7556}") = "WindesHeartSdk", "WindesHeartSdk\WindesHeartSdk.csproj", "{9568768A-216B-4BAB-8793-E5FD41B4FA94}"
EndProject
Global
	GlobalSection(SolutionConfigurationPlatforms) = preSolution
		Debug|Any CPU = Debug|Any CPU
		Release|Any CPU = Release|Any CPU
	EndGlobalSection
	GlobalSection(ProjectConfigurationPlatforms) = postSolution
		{9568768A-216B-4BAB-8793-E5FD41B4FA94}.Debug|Any CPU.ActiveCfg = Debug|Any CPU
		{9568768A-216B-4BAB-8793-E5FD41B4FA94}.Debug|Any CPU.Build.0 = Debug|Any CPU
		{9568768A-216B-4BAB-8793-E5FD41B4FA94}.Release|Any CPU.ActiveCfg = Release|Any CPU
		{9568768A-216B-4BAB-8793-E5FD41B4FA94}.Release|Any CPU.Build.0 = Release|Any CPU
	EndGlobalSection
	GlobalSection(SolutionProperties) = preSolution
		HideSolutionNode = FALSE
	EndGlobalSection
	GlobalSection(ExtensibilityGlobals) = postSolution
		SolutionGuid = {76F09143-C38A-4BB7-83DD-656185DA8971}
	EndGlobalSection
EndGlobal
